github.com/fatih/color v1.4.1 h1:YJhD/SoQqn7ev9zwhIm7lHTAqsOAF2AN4xlAVZzNZnU=
github.com/fatih/color v1.4.1/go.mod h1:Zm6kSWBoL9eyXnKyktHP6abPY2pDugNf5KwzbycvMj4=
github.com/golang/protobuf v0.0.0-20170427213220-18c9bb326172/go.mod h1:6lQm79b+lXiMfvg/cZm0SGofjICqVBUtrP5yJMmIC1U=
github.com/google/go-github v0.0.0-20170425170326-e8d46665e050 h1:s8gixAZD+rGOAxXW3XstLDU3V+YqfiBS1cBQOzAi0Bk=
github.com/google/go-github v0.0.0-20170425170326-e8d46665e050/go.mod h1:zLgOLi98H3fifZn+44m+umXrS52loVEgC2AApnigrVQ=
github.com/google/go-querystring v0.0.0-20170111101155-53e6ce116135 h1:zLTLjkaOFEFIOxY5BWLFLwh+cL8vOBW4XJ2aqLE/Tf0=
github.com/google/go-querystring v0.0.0-20170111101155-53e6ce116135/go.mod h1:odCYkC5MyYFN7vkCjXpyrEuKhc/BUO6wN/zVPAxq5ck=
github.com/mattn/go-colorable v0.0.0-20170210172801-5411d3eea597 h1:hGizH4aMDFFt1iOA4HNKC13lqIBoCyxIjWcAnWIy7aU=
github.com/mattn/go-colorable v0.0.0-20170210172801-5411d3eea597/go.mod h1:9vuHe8Xs5qXnSaW/c/ABM9alt+Vo+STaOChaDxuIBZU=
github.com/mattn/go-isatty v0.0.0-20170307163044-57fdcb988a5c h1:AHfQR/s6GNi92TOh+kfGworqDvTxj2rMsS+Hca87nck=
github.com/mattn/go-isatty v0.0.0-20170307163044-57fdcb988a5c/go.mod h1:M+lRXTBqGeGNdLjl/ufCoiOlB5xdOkqRJdNxMWT7Zi4=
github.com/mitchellh/gox v0.3.0/go.mod h1:Sd9lOJ0+aimLBi73mGofS1ycjY8lL3uZM3JPS42BGNg=
github.com/mitchellh/iochan v0.0.0-20150529224432-87b45ffd0e95/go.mod h1:JwYml1nuB7xOzsp52dPpHFffvOCDupsG0QubkSMEySY=
github.com/urfave/cli v1.19.1 h1:0mKm4ZoB74PxYmZVua162y1dGt1qc10MyymYRBf3lb8=
github.com/urfave/cli v1.19.1/go.mod h1:70zkFmudgCuE/ngEzBv17Jvp/497gISqfk5gWijbERA=
golang.org/x/net v0.0.0-20170503120255-feeb485667d1 h1:ED1ux2Gd2RrNOJ0GyENgOJEhK1yAo6Xx/+CNrzZlcig=
golang.org/x/net v0.0.0-20170503120255-feeb485667d1/go.mod h1:mL1N/T3taQHkDXs73rZJwtUhF3w3ftmwwsq0BUmARs4=
golang.org/x/oauth2 v0.0.0-20170412232759-a6bd8cefa181 h1:/4OaQ4bC66Oq9JDhUnxTjBGt8XBhDuwgMRXHgvfcCUY=
golang.org/x/oauth2 v0.0.0-20170412232759-a6bd8cefa181/go.mod h1:N/0e6XlmueqKjAGxoOufVs8QHGRruUQn6yWY3a++T0U=
golang.org/x/sys v0.0.0-20170213225739-e24f485414ae/go.mod h1:STP8DvDyc/dI5b8T5hshtkjS+E42TnysNCUPdjciGhY=
google.golang.org/appengine v0.0.0-20170410194355-170382fa85b1/go.mod h1:EbEs0AVv82hx2wNQdGPgUI5lhzA/G0D9YwlJXL52JkM=
